
Microsoft Visual Studio Solution File, Format Version 12.00
# Visual Studio Version 17
VisualStudioVersion = 17.6.33723.286
MinimumVisualStudioVersion = 10.0.40219.1
Project("{9A19103F-16F7-4668-BE54-9A1E7A4F7556}") = "StudentsAPI", "StudentsAPI\StudentsAPI.csproj", "{84D2A573-9FF6-4718-81DA-DCD0F5019AFB}"
EndProject
Project("{FAE04EC0-301F-11D3-BF4B-00C04F79EFBC}") = "StudentsUI", "StudentsUI\StudentsUI.csproj", "{A60CEFD3-6270-463C-B067-2A885D7441DE}"
EndProject
Global
	GlobalSection(SolutionConfigurationPlatforms) = preSolution
		Debug|Any CPU = Debug|Any CPU
		Release|Any CPU = Release|Any CPU
	EndGlobalSection
	GlobalSection(ProjectConfigurationPlatforms) = postSolution
		{84D2A573-9FF6-4718-81DA-DCD0F5019AFB}.Debug|Any CPU.ActiveCfg = Debug|Any CPU
		{84D2A573-9FF6-4718-81DA-DCD0F5019AFB}.Debug|Any CPU.Build.0 = Debug|Any CPU
		{84D2A573-9FF6-4718-81DA-DCD0F5019AFB}.Release|Any CPU.ActiveCfg = Release|Any CPU
		{84D2A573-9FF6-4718-81DA-DCD0F5019AFB}.Release|Any CPU.Build.0 = Release|Any CPU
		{A60CEFD3-6270-463C-B067-2A885D7441DE}.Debug|Any CPU.ActiveCfg = Debug|Any CPU
		{A60CEFD3-6270-463C-B067-2A885D7441DE}.Debug|Any CPU.Build.0 = Debug|Any CPU
		{A60CEFD3-6270-463C-B067-2A885D7441DE}.Release|Any CPU.ActiveCfg = Release|Any CPU
		{A60CEFD3-6270-463C-B067-2A885D7441DE}.Release|Any CPU.Build.0 = Release|Any CPU
	EndGlobalSection
	GlobalSection(SolutionProperties) = preSolution
		HideSolutionNode = FALSE
	EndGlobalSection
	GlobalSection(ExtensibilityGlobals) = postSolution
		SolutionGuid = {C5B5E0EB-2275-46F6-B369-007222C750EC}
	EndGlobalSection
EndGlobal
